Microsoft Visual Studio Solution File, Format Version 12.00
# Visual Studio Version 16
VisualStudioVersion = 16.0.29509.3
MinimumVisualStudioVersion = 15.0.26124.0
Project("{9A19103F-16F7-4668-BE54-9A1E7A4F7556}") = "CoreLib", "CoreLib\CoreLib.csproj", "{8FC436C7-1C6A-49D3-8712-4A4E79F9C1EF}"
EndProject
Project("{9A19103F-16F7-4668-BE54-9A1E7A4F7556}") = "Poc.StackThrow", "Poc.StackThrow\Poc.StackThrow.csproj", "{DD1E4A9E-5A32-42B5-98B4-FAEA7B0580B6}"
EndProject
Project("{9A19103F-16F7-4668-BE54-9A1E7A4F7556}") = "Poc.DapperWithEF", "Poc.DapperWithEF\Poc.DapperWithEF.csproj", "{EABDB6C4-93BE-4376-8A8D-E047F72E7B14}"
EndProject
Project("{9A19103F-16F7-4668-BE54-9A1E7A4F7556}") = "Poc.UOW", "Poc.UOW\Poc.UOW.csproj", "{6D127EF0-24D3-4033-8054-28E64DC06D08}"
EndProject
Project("{9A19103F-16F7-4668-BE54-9A1E7A4F7556}") = "Poc.ThreadAndTask", "Poc.ThreadAndTask\Poc.ThreadAndTask.csproj", "{07297B38-CAB1-4510-8A6D-148DF09D28EC}"
EndProject
Project("{9A19103F-16F7-4668-BE54-9A1E7A4F7556}") = "Poc.EFWithManyContexts", "Poc.EFWithManyContexts\Poc.EFWithManyContexts.csproj", "{74B84042-A92B-4FA1-9723-DBBE6DE76664}"
EndProject
Project("{9A19103F-16F7-4668-BE54-9A1E7A4F7556}") = "Helper.BaseContext", "Helper.BaseContext\Helper.BaseContext.csproj", "{B1ABEA2A-2D31-41EB-91A4-1F6C87890C69}"
EndProject
Global
	GlobalSection(SolutionConfigurationPlatforms) = preSolution
		Debug|Any CPU = Debug|Any CPU
		Debug|x64 = Debug|x64
		Debug|x86 = Debug|x86
		Release|Any CPU = Release|Any CPU
		Release|x64 = Release|x64
		Release|x86 = Release|x86
	EndGlobalSection
	GlobalSection(ProjectConfigurationPlatforms) = postSolution
		{8FC436C7-1C6A-49D3-8712-4A4E79F9C1EF}.Debug|Any CPU.ActiveCfg = Debug|Any CPU
		{8FC436C7-1C6A-49D3-8712-4A4E79F9C1EF}.Debug|Any CPU.Build.0 = Debug|Any CPU
		{8FC436C7-1C6A-49D3-8712-4A4E79F9C1EF}.Debug|x64.ActiveCfg = Debug|Any CPU
		{8FC436C7-1C6A-49D3-8712-4A4E79F9C1EF}.Debug|x64.Build.0 = Debug|Any CPU
		{8FC436C7-1C6A-49D3-8712-4A4E79F9C1EF}.Debug|x86.ActiveCfg = Debug|Any CPU
		{8FC436C7-1C6A-49D3-8712-4A4E79F9C1EF}.Debug|x86.Build.0 = Debug|Any CPU
		{8FC436C7-1C6A-49D3-8712-4A4E79F9C1EF}.Release|Any CPU.ActiveCfg = Release|Any CPU
		{8FC436C7-1C6A-49D3-8712-4A4E79F9C1EF}.Release|Any CPU.Build.0 = Release|Any CPU
		{8FC436C7-1C6A-49D3-8712-4A4E79F9C1EF}.Release|x64.ActiveCfg = Release|Any CPU
		{8FC436C7-1C6A-49D3-8712-4A4E79F9C1EF}.Release|x64.Build.0 = Release|Any CPU
		{8FC436C7-1C6A-49D3-8712-4A4E79F9C1EF}.Release|x86.ActiveCfg = Release|Any CPU
		{8FC436C7-1C6A-49D3-8712-4A4E79F9C1EF}.Release|x86.Build.0 = Release|Any CPU
		{DD1E4A9E-5A32-42B5-98B4-FAEA7B0580B6}.Debug|Any CPU.ActiveCfg = Debug|Any CPU
		{DD1E4A9E-5A32-42B5-98B4-FAEA7B0580B6}.Debug|Any CPU.Build.0 = Debug|Any CPU
		{DD1E4A9E-5A32-42B5-98B4-FAEA7B0580B6}.Debug|x64.ActiveCfg = Debug|Any CPU
		{DD1E4A9E-5A32-42B5-98B4-FAEA7B0580B6}.Debug|x64.Build.0 = Debug|Any CPU
		{DD1E4A9E-5A32-42B5-98B4-FAEA7B0580B6}.Debug|x86.ActiveCfg = Debug|Any CPU
		{DD1E4A9E-5A32-42B5-98B4-FAEA7B0580B6}.Debug|x86.Build.0 = Debug|Any CPU
		{DD1E4A9E-5A32-42B5-98B4-FAEA7B0580B6}.Release|Any CPU.ActiveCfg = Release|Any CPU
		{DD1E4A9E-5A32-42B5-98B4-FAEA7B0580B6}.Release|Any CPU.Build.0 = Release|Any CPU
		{DD1E4A9E-5A32-42B5-98B4-FAEA7B0580B6}.Release|x64.ActiveCfg = Release|Any CPU
		{DD1E4A9E-5A32-42B5-98B4-FAEA7B0580B6}.Release|x64.Build.0 = Release|Any CPU
		{DD1E4A9E-5A32-42B5-98B4-FAEA7B0580B6}.Release|x86.ActiveCfg = Release|Any CPU
		{DD1E4A9E-5A32-42B5-98B4-FAEA7B0580B6}.Release|x86.Build.0 = Release|Any CPU
		{EABDB6C4-93BE-4376-8A8D-E047F72E7B14}.Debug|Any CPU.ActiveCfg = Debug|Any CPU
		{EABDB6C4-93BE-4376-8A8D-E047F72E7B14}.Debug|Any CPU.Build.0 = Debug|Any CPU
		{EABDB6C4-93BE-4376-8A8D-E047F72E7B14}.Debug|x64.ActiveCfg = Debug|Any CPU
		{EABDB6C4-93BE-4376-8A8D-E047F72E7B14}.Debug|x64.Build.0 = Debug|Any CPU
		{EABDB6C4-93BE-4376-8A8D-E047F72E7B14}.Debug|x86.ActiveCfg = Debug|Any CPU
		{EABDB6C4-93BE-4376-8A8D-E047F72E7B14}.Debug|x86.Build.0 = Debug|Any CPU
		{EABDB6C4-93BE-4376-8A8D-E047F72E7B14}.Release|Any CPU.ActiveCfg = Release|Any CPU
		{EABDB6C4-93BE-4376-8A8D-E047F72E7B14}.Release|Any CPU.Build.0 = Release|Any CPU
		{EABDB6C4-93BE-4376-8A8D-E047F72E7B14}.Release|x64.ActiveCfg = Release|Any CPU
		{EABDB6C4-93BE-4376-8A8D-E047F72E7B14}.Release|x64.Build.0 = Release|Any CPU
		{EABDB6C4-93BE-4376-8A8D-E047F72E7B14}.Release|x86.ActiveCfg = Release|Any CPU
		{EABDB6C4-93BE-4376-8A8D-E047F72E7B14}.Release|x86.Build.0 = Release|Any CPU
		{6D127EF0-24D3-4033-8054-28E64DC06D08}.Debug|Any CPU.ActiveCfg = Debug|Any CPU
		{6D127EF0-24D3-4033-8054-28E64DC06D08}.Debug|Any CPU.Build.0 = Debug|Any CPU
		{6D127EF0-24D3-4033-8054-28E64DC06D08}.Debug|x64.ActiveCfg = Debug|Any CPU
		{6D127EF0-24D3-4033-8054-28E64DC06D08}.Debug|x64.Build.0 = Debug|Any CPU
		{6D127EF0-24D3-4033-8054-28E64DC06D08}.Debug|x86.ActiveCfg = Debug|Any CPU
		{6D127EF0-24D3-4033-8054-28E64DC06D08}.Debug|x86.Build.0 = Debug|Any CPU
		{6D127EF0-24D3-4033-8054-28E64DC06D08}.Release|Any CPU.ActiveCfg = Release|Any CPU
		{6D127EF0-24D3-4033-8054-28E64DC06D08}.Release|Any CPU.Build.0 = Release|Any CPU
		{6D127EF0-24D3-4033-8054-28E64DC06D08}.Release|x64.ActiveCfg = Release|Any CPU
		{6D127EF0-24D3-4033-8054-28E64DC06D08}.Release|x64.Build.0 = Release|Any CPU
		{6D127EF0-24D3-4033-8054-28E64DC06D08}.Release|x86.ActiveCfg = Release|Any CPU
		{6D127EF0-24D3-4033-8054-28E64DC06D08}.Release|x86.Build.0 = Release|Any CPU
		{07297B38-CAB1-4510-8A6D-148DF09D28EC}.Debug|Any CPU.ActiveCfg = Debug|Any CPU
		{07297B38-CAB1-4510-8A6D-148DF09D28EC}.Debug|Any CPU.Build.0 = Debug|Any CPU
		{07297B38-CAB1-4510-8A6D-148DF09D28EC}.Debug|x64.ActiveCfg = Debug|Any CPU
		{07297B38-CAB1-4510-8A6D-148DF09D28EC}.Debug|x64.Build.0 = Debug|Any CPU
		{07297B38-CAB1-4510-8A6D-148DF09D28EC}.Debug|x86.ActiveCfg = Debug|Any CPU
		{07297B38-CAB1-4510-8A6D-148DF09D28EC}.Debug|x86.Build.0 = Debug|Any CPU
		{07297B38-CAB1-4510-8A6D-148DF09D28EC}.Release|Any CPU.ActiveCfg = Release|Any CPU
		{07297B38-CAB1-4510-8A6D-148DF09D28EC}.Release|Any CPU.Build.0 = Release|Any CPU
		{07297B38-CAB1-4510-8A6D-148DF09D28EC}.Release|x64.ActiveCfg = Release|Any CPU
		{07297B38-CAB1-4510-8A6D-148DF09D28EC}.Release|x64.Build.0 = Release|Any CPU
		{07297B38-CAB1-4510-8A6D-148DF09D28EC}.Release|x86.ActiveCfg = Release|Any CPU
		{07297B38-CAB1-4510-8A6D-148DF09D28EC}.Release|x86.Build.0 = Release|Any CPU
		{74B84042-A92B-4FA1-9723-DBBE6DE76664}.Debug|Any CPU.ActiveCfg = Debug|Any CPU
		{74B84042-A92B-4FA1-9723-DBBE6DE76664}.Debug|Any CPU.Build.0 = Debug|Any CPU
		{74B84042-A92B-4FA1-9723-DBBE6DE76664}.Debug|x64.ActiveCfg = Debug|Any CPU
		{74B84042-A92B-4FA1-9723-DBBE6DE76664}.Debug|x64.Build.0 = Debug|Any CPU
		{74B84042-A92B-4FA1-9723-DBBE6DE76664}.Debug|x86.ActiveCfg = Debug|Any CPU
		{74B84042-A92B-4FA1-9723-DBBE6DE76664}.Debug|x86.Build.0 = Debug|Any CPU
		{74B84042-A92B-4FA1-9723-DBBE6DE76664}.Release|Any CPU.ActiveCfg = Release|Any CPU
		{74B84042-A92B-4FA1-9723-DBBE6DE76664}.Release|Any CPU.Build.0 = Release|Any CPU
		{74B84042-A92B-4FA1-9723-DBBE6DE76664}.Release|x64.ActiveCfg = Release|Any CPU
		{74B84042-A92B-4FA1-9723-DBBE6DE76664}.Release|x64.Build.0 = Release|Any CPU
		{74B84042-A92B-4FA1-9723-DBBE6DE76664}.Release|x86.ActiveCfg = Release|Any CPU
		{74B84042-A92B-4FA1-9723-DBBE6DE76664}.Release|x86.Build.0 = Release|Any CPU
		{B1ABEA2A-2D31-41EB-91A4-1F6C87890C69}.Debug|Any CPU.ActiveCfg = Debug|Any CPU
		{B1ABEA2A-2D31-41EB-91A4-1F6C87890C69}.Debug|Any CPU.Build.0 = Debug|Any CPU
		{B1ABEA2A-2D31-41EB-91A4-1F6C87890C69}.Debug|x64.ActiveCfg = Debug|Any CPU
		{B1ABEA2A-2D31-41EB-91A4-1F6C87890C69}.Debug|x64.Build.0 = Debug|Any CPU
		{B1ABEA2A-2D31-41EB-91A4-1F6C87890C69}.Debug|x86.ActiveCfg = Debug|Any CPU
		{B1ABEA2A-2D31-41EB-91A4-1F6C87890C69}.Debug|x86.Build.0 = Debug|Any CPU
		{B1ABEA2A-2D31-41EB-91A4-1F6C87890C69}.Release|Any CPU.ActiveCfg = Release|Any CPU
		{B1ABEA2A-2D31-41EB-91A4-1F6C87890C69}.Release|Any CPU.Build.0 = Release|Any CPU
		{B1ABEA2A-2D31-41EB-91A4-1F6C87890C69}.Release|x64.ActiveCfg = Release|Any CPU
		{B1ABEA2A-2D31-41EB-91A4-1F6C87890C69}.Release|x64.Build.0 = Release|Any CPU
		{B1ABEA2A-2D31-41EB-91A4-1F6C87890C69}.Release|x86.ActiveCfg = Release|Any CPU
		{B1ABEA2A-2D31-41EB-91A4-1F6C87890C69}.Release|x86.Build.0 = Release|Any CPU
	EndGlobalSection
	GlobalSection(SolutionProperties) = preSolution
		HideSolutionNode = FALSE
	EndGlobalSection
	GlobalSection(ExtensibilityGlobals) = postSolution
		SolutionGuid = {FD0046DF-B8AF-4A52-858A-7A4B3EA83EA1}
	EndGlobalSection
EndGlobal
