Microsoft Visual Studio Solution File, Format Version 12.00
# Visual Studio Version 16
VisualStudioVersion = 16.0.29509.3
MinimumVisualStudioVersion = 15.0.26124.0
Project("{9A19103F-16F7-4668-BE54-9A1E7A4F7556}") = "CoreLib", "CoreLib\CoreLib.csproj", "{8FC436C7-1C6A-49D3-8712-4A4E79F9C1EF}"
EndProject
Project("{9A19103F-16F7-4668-BE54-9A1E7A4F7556}") = "Poc.StackThrow", "Poc.StackThrow\Poc.StackThrow.csproj", "{DD1E4A9E-5A32-42B5-98B4-FAEA7B0580B6}"
EndProject
Project("{9A19103F-16F7-4668-BE54-9A1E7A4F7556}") = "Poc.DapperWithEF", "Poc.DapperWithEF\Poc.DapperWithEF.csproj", "{EABDB6C4-93BE-4376-8A8D-E047F72E7B14}"
EndProject
Project("{9A19103F-16F7-4668-BE54-9A1E7A4F7556}") = "Poc.UOW", "Poc.UOW\Poc.UOW.csproj", "{6D127EF0-24D3-4033-8054-28E64DC06D08}"
EndProject
Project("{9A19103F-16F7-4668-BE54-9A1E7A4F7556}") = "Poc.ThreadAndTask", "Poc.ThreadAndTask\Poc.ThreadAndTask.csproj", "{07297B38-CAB1-4510-8A6D-148DF09D28EC}"
EndProject
Project("{9A19103F-16F7-4668-BE54-9A1E7A4F7556}") = "Poc.EFWithManyContexts", "Poc.EFWithManyContexts\Poc.EFWithManyContexts.csproj", "{74B84042-A92B-4FA1-9723-DBBE6DE76664}"
EndProject
Project("{9A19103F-16F7-4668-BE54-9A1E7A4F7556}") = "ContextSample", "ContextSample\ContextSample.csproj", "{12D21DDB-8BD2-44F4-A232-98BD8855B007}"
EndProject
Project("{9A19103F-16F7-4668-BE54-9A1E7A4F7556}") = "RunMigration", "RunMigration\RunMigration.csproj", "{29A36385-9F10-47BB-9F44-3946D2E2F906}"
EndProject
Project("{9A19103F-16F7-4668-BE54-9A1E7A4F7556}") = "ContextsSample", "ContextsSample\ContextsSample.csproj", "{12E7FF44-79B9-41AD-926E-9CF038C6C062}"
EndProject
Project("{9A19103F-16F7-4668-BE54-9A1E7A4F7556}") = "FreeHand", "FreeHand\FreeHand.csproj", "{0C0FCDEB-98C0-4DD7-A82F-95B460AB69AD}"
EndProject
Project("{9A19103F-16F7-4668-BE54-9A1E7A4F7556}") = "FreeHandApi", "FreeHandApi\FreeHandApi.csproj", "{996D4AD5-B7AE-485C-B375-60B010DD781A}"
EndProject
Project("{9A19103F-16F7-4668-BE54-9A1E7A4F7556}") = "Poc.UOWTransactionManagement", "Poc.UOWTransactionManagement\Poc.UOWTransactionManagement.csproj", "{844C1E79-3F0F-4F1F-B958-2F517F260098}"
EndProject
Project("{2150E333-8FDC-42A3-9474-1A3956D46DE8}") = "RazorUI", "RazorUI", "{1ADB4D81-B484-4DBB-9638-D49D599FE364}"
EndProject
Project("{FAE04EC0-301F-11D3-BF4B-00C04F79EFBC}") = "SearchWithAutoComplete", "RazorUI\SearchWithAutoComplete\SearchWithAutoComplete.csproj", "{2B637989-E76C-42CF-A707-A717942995DE}"
EndProject
Global
	GlobalSection(SolutionConfigurationPlatforms) = preSolution
		Debug|Any CPU = Debug|Any CPU
		Debug|x64 = Debug|x64
		Debug|x86 = Debug|x86
		Release|Any CPU = Release|Any CPU
		Release|x64 = Release|x64
		Release|x86 = Release|x86
	EndGlobalSection
	GlobalSection(ProjectConfigurationPlatforms) = postSolution
		{8FC436C7-1C6A-49D3-8712-4A4E79F9C1EF}.Debug|Any CPU.ActiveCfg = Debug|Any CPU
		{8FC436C7-1C6A-49D3-8712-4A4E79F9C1EF}.Debug|Any CPU.Build.0 = Debug|Any CPU
		{8FC436C7-1C6A-49D3-8712-4A4E79F9C1EF}.Debug|x64.ActiveCfg = Debug|Any CPU
		{8FC436C7-1C6A-49D3-8712-4A4E79F9C1EF}.Debug|x64.Build.0 = Debug|Any CPU
		{8FC436C7-1C6A-49D3-8712-4A4E79F9C1EF}.Debug|x86.ActiveCfg = Debug|Any CPU
		{8FC436C7-1C6A-49D3-8712-4A4E79F9C1EF}.Debug|x86.Build.0 = Debug|Any CPU
		{8FC436C7-1C6A-49D3-8712-4A4E79F9C1EF}.Release|Any CPU.ActiveCfg = Release|Any CPU
		{8FC436C7-1C6A-49D3-8712-4A4E79F9C1EF}.Release|Any CPU.Build.0 = Release|Any CPU
		{8FC436C7-1C6A-49D3-8712-4A4E79F9C1EF}.Release|x64.ActiveCfg = Release|Any CPU
		{8FC436C7-1C6A-49D3-8712-4A4E79F9C1EF}.Release|x64.Build.0 = Release|Any CPU
		{8FC436C7-1C6A-49D3-8712-4A4E79F9C1EF}.Release|x86.ActiveCfg = Release|Any CPU
		{8FC436C7-1C6A-49D3-8712-4A4E79F9C1EF}.Release|x86.Build.0 = Release|Any CPU
		{DD1E4A9E-5A32-42B5-98B4-FAEA7B0580B6}.Debug|Any CPU.ActiveCfg = Debug|Any CPU
		{DD1E4A9E-5A32-42B5-98B4-FAEA7B0580B6}.Debug|Any CPU.Build.0 = Debug|Any CPU
		{DD1E4A9E-5A32-42B5-98B4-FAEA7B0580B6}.Debug|x64.ActiveCfg = Debug|Any CPU
		{DD1E4A9E-5A32-42B5-98B4-FAEA7B0580B6}.Debug|x64.Build.0 = Debug|Any CPU
		{DD1E4A9E-5A32-42B5-98B4-FAEA7B0580B6}.Debug|x86.ActiveCfg = Debug|Any CPU
		{DD1E4A9E-5A32-42B5-98B4-FAEA7B0580B6}.Debug|x86.Build.0 = Debug|Any CPU
		{DD1E4A9E-5A32-42B5-98B4-FAEA7B0580B6}.Release|Any CPU.ActiveCfg = Release|Any CPU
		{DD1E4A9E-5A32-42B5-98B4-FAEA7B0580B6}.Release|Any CPU.Build.0 = Release|Any CPU
		{DD1E4A9E-5A32-42B5-98B4-FAEA7B0580B6}.Release|x64.ActiveCfg = Release|Any CPU
		{DD1E4A9E-5A32-42B5-98B4-FAEA7B0580B6}.Release|x64.Build.0 = Release|Any CPU
		{DD1E4A9E-5A32-42B5-98B4-FAEA7B0580B6}.Release|x86.ActiveCfg = Release|Any CPU
		{DD1E4A9E-5A32-42B5-98B4-FAEA7B0580B6}.Release|x86.Build.0 = Release|Any CPU
		{EABDB6C4-93BE-4376-8A8D-E047F72E7B14}.Debug|Any CPU.ActiveCfg = Debug|Any CPU
		{EABDB6C4-93BE-4376-8A8D-E047F72E7B14}.Debug|Any CPU.Build.0 = Debug|Any CPU
		{EABDB6C4-93BE-4376-8A8D-E047F72E7B14}.Debug|x64.ActiveCfg = Debug|Any CPU
		{EABDB6C4-93BE-4376-8A8D-E047F72E7B14}.Debug|x64.Build.0 = Debug|Any CPU
		{EABDB6C4-93BE-4376-8A8D-E047F72E7B14}.Debug|x86.ActiveCfg = Debug|Any CPU
		{EABDB6C4-93BE-4376-8A8D-E047F72E7B14}.Debug|x86.Build.0 = Debug|Any CPU
		{EABDB6C4-93BE-4376-8A8D-E047F72E7B14}.Release|Any CPU.ActiveCfg = Release|Any CPU
		{EABDB6C4-93BE-4376-8A8D-E047F72E7B14}.Release|Any CPU.Build.0 = Release|Any CPU
		{EABDB6C4-93BE-4376-8A8D-E047F72E7B14}.Release|x64.ActiveCfg = Release|Any CPU
		{EABDB6C4-93BE-4376-8A8D-E047F72E7B14}.Release|x64.Build.0 = Release|Any CPU
		{EABDB6C4-93BE-4376-8A8D-E047F72E7B14}.Release|x86.ActiveCfg = Release|Any CPU
		{EABDB6C4-93BE-4376-8A8D-E047F72E7B14}.Release|x86.Build.0 = Release|Any CPU
		{6D127EF0-24D3-4033-8054-28E64DC06D08}.Debug|Any CPU.ActiveCfg = Debug|Any CPU
		{6D127EF0-24D3-4033-8054-28E64DC06D08}.Debug|Any CPU.Build.0 = Debug|Any CPU
		{6D127EF0-24D3-4033-8054-28E64DC06D08}.Debug|x64.ActiveCfg = Debug|Any CPU
		{6D127EF0-24D3-4033-8054-28E64DC06D08}.Debug|x64.Build.0 = Debug|Any CPU
		{6D127EF0-24D3-4033-8054-28E64DC06D08}.Debug|x86.ActiveCfg = Debug|Any CPU
		{6D127EF0-24D3-4033-8054-28E64DC06D08}.Debug|x86.Build.0 = Debug|Any CPU
		{6D127EF0-24D3-4033-8054-28E64DC06D08}.Release|Any CPU.ActiveCfg = Release|Any CPU
		{6D127EF0-24D3-4033-8054-28E64DC06D08}.Release|Any CPU.Build.0 = Release|Any CPU
		{6D127EF0-24D3-4033-8054-28E64DC06D08}.Release|x64.ActiveCfg = Release|Any CPU
		{6D127EF0-24D3-4033-8054-28E64DC06D08}.Release|x64.Build.0 = Release|Any CPU
		{6D127EF0-24D3-4033-8054-28E64DC06D08}.Release|x86.ActiveCfg = Release|Any CPU
		{6D127EF0-24D3-4033-8054-28E64DC06D08}.Release|x86.Build.0 = Release|Any CPU
		{07297B38-CAB1-4510-8A6D-148DF09D28EC}.Debug|Any CPU.ActiveCfg = Debug|Any CPU
		{07297B38-CAB1-4510-8A6D-148DF09D28EC}.Debug|Any CPU.Build.0 = Debug|Any CPU
		{07297B38-CAB1-4510-8A6D-148DF09D28EC}.Debug|x64.ActiveCfg = Debug|Any CPU
		{07297B38-CAB1-4510-8A6D-148DF09D28EC}.Debug|x64.Build.0 = Debug|Any CPU
		{07297B38-CAB1-4510-8A6D-148DF09D28EC}.Debug|x86.ActiveCfg = Debug|Any CPU
		{07297B38-CAB1-4510-8A6D-148DF09D28EC}.Debug|x86.Build.0 = Debug|Any CPU
		{07297B38-CAB1-4510-8A6D-148DF09D28EC}.Release|Any CPU.ActiveCfg = Release|Any CPU
		{07297B38-CAB1-4510-8A6D-148DF09D28EC}.Release|Any CPU.Build.0 = Release|Any CPU
		{07297B38-CAB1-4510-8A6D-148DF09D28EC}.Release|x64.ActiveCfg = Release|Any CPU
		{07297B38-CAB1-4510-8A6D-148DF09D28EC}.Release|x64.Build.0 = Release|Any CPU
		{07297B38-CAB1-4510-8A6D-148DF09D28EC}.Release|x86.ActiveCfg = Release|Any CPU
		{07297B38-CAB1-4510-8A6D-148DF09D28EC}.Release|x86.Build.0 = Release|Any CPU
		{74B84042-A92B-4FA1-9723-DBBE6DE76664}.Debug|Any CPU.ActiveCfg = Debug|Any CPU
		{74B84042-A92B-4FA1-9723-DBBE6DE76664}.Debug|Any CPU.Build.0 = Debug|Any CPU
		{74B84042-A92B-4FA1-9723-DBBE6DE76664}.Debug|x64.ActiveCfg = Debug|Any CPU
		{74B84042-A92B-4FA1-9723-DBBE6DE76664}.Debug|x64.Build.0 = Debug|Any CPU
		{74B84042-A92B-4FA1-9723-DBBE6DE76664}.Debug|x86.ActiveCfg = Debug|Any CPU
		{74B84042-A92B-4FA1-9723-DBBE6DE76664}.Debug|x86.Build.0 = Debug|Any CPU
		{74B84042-A92B-4FA1-9723-DBBE6DE76664}.Release|Any CPU.ActiveCfg = Release|Any CPU
		{74B84042-A92B-4FA1-9723-DBBE6DE76664}.Release|Any CPU.Build.0 = Release|Any CPU
		{74B84042-A92B-4FA1-9723-DBBE6DE76664}.Release|x64.ActiveCfg = Release|Any CPU
		{74B84042-A92B-4FA1-9723-DBBE6DE76664}.Release|x64.Build.0 = Release|Any CPU
		{74B84042-A92B-4FA1-9723-DBBE6DE76664}.Release|x86.ActiveCfg = Release|Any CPU
		{74B84042-A92B-4FA1-9723-DBBE6DE76664}.Release|x86.Build.0 = Release|Any CPU
		{12D21DDB-8BD2-44F4-A232-98BD8855B007}.Debug|Any CPU.ActiveCfg = Debug|Any CPU
		{12D21DDB-8BD2-44F4-A232-98BD8855B007}.Debug|Any CPU.Build.0 = Debug|Any CPU
		{12D21DDB-8BD2-44F4-A232-98BD8855B007}.Debug|x64.ActiveCfg = Debug|Any CPU
		{12D21DDB-8BD2-44F4-A232-98BD8855B007}.Debug|x64.Build.0 = Debug|Any CPU
		{12D21DDB-8BD2-44F4-A232-98BD8855B007}.Debug|x86.ActiveCfg = Debug|Any CPU
		{12D21DDB-8BD2-44F4-A232-98BD8855B007}.Debug|x86.Build.0 = Debug|Any CPU
		{12D21DDB-8BD2-44F4-A232-98BD8855B007}.Release|Any CPU.ActiveCfg = Release|Any CPU
		{12D21DDB-8BD2-44F4-A232-98BD8855B007}.Release|Any CPU.Build.0 = Release|Any CPU
		{12D21DDB-8BD2-44F4-A232-98BD8855B007}.Release|x64.ActiveCfg = Release|Any CPU
		{12D21DDB-8BD2-44F4-A232-98BD8855B007}.Release|x64.Build.0 = Release|Any CPU
		{12D21DDB-8BD2-44F4-A232-98BD8855B007}.Release|x86.ActiveCfg = Release|Any CPU
		{12D21DDB-8BD2-44F4-A232-98BD8855B007}.Release|x86.Build.0 = Release|Any CPU
		{29A36385-9F10-47BB-9F44-3946D2E2F906}.Debug|Any CPU.ActiveCfg = Debug|Any CPU
		{29A36385-9F10-47BB-9F44-3946D2E2F906}.Debug|Any CPU.Build.0 = Debug|Any CPU
		{29A36385-9F10-47BB-9F44-3946D2E2F906}.Debug|x64.ActiveCfg = Debug|Any CPU
		{29A36385-9F10-47BB-9F44-3946D2E2F906}.Debug|x64.Build.0 = Debug|Any CPU
		{29A36385-9F10-47BB-9F44-3946D2E2F906}.Debug|x86.ActiveCfg = Debug|Any CPU
		{29A36385-9F10-47BB-9F44-3946D2E2F906}.Debug|x86.Build.0 = Debug|Any CPU
		{29A36385-9F10-47BB-9F44-3946D2E2F906}.Release|Any CPU.ActiveCfg = Release|Any CPU
		{29A36385-9F10-47BB-9F44-3946D2E2F906}.Release|Any CPU.Build.0 = Release|Any CPU
		{29A36385-9F10-47BB-9F44-3946D2E2F906}.Release|x64.ActiveCfg = Release|Any CPU
		{29A36385-9F10-47BB-9F44-3946D2E2F906}.Release|x64.Build.0 = Release|Any CPU
		{29A36385-9F10-47BB-9F44-3946D2E2F906}.Release|x86.ActiveCfg = Release|Any CPU
		{29A36385-9F10-47BB-9F44-3946D2E2F906}.Release|x86.Build.0 = Release|Any CPU
		{12E7FF44-79B9-41AD-926E-9CF038C6C062}.Debug|Any CPU.ActiveCfg = Debug|Any CPU
		{12E7FF44-79B9-41AD-926E-9CF038C6C062}.Debug|Any CPU.Build.0 = Debug|Any CPU
		{12E7FF44-79B9-41AD-926E-9CF038C6C062}.Debug|x64.ActiveCfg = Debug|Any CPU
		{12E7FF44-79B9-41AD-926E-9CF038C6C062}.Debug|x64.Build.0 = Debug|Any CPU
		{12E7FF44-79B9-41AD-926E-9CF038C6C062}.Debug|x86.ActiveCfg = Debug|Any CPU
		{12E7FF44-79B9-41AD-926E-9CF038C6C062}.Debug|x86.Build.0 = Debug|Any CPU
		{12E7FF44-79B9-41AD-926E-9CF038C6C062}.Release|Any CPU.ActiveCfg = Release|Any CPU
		{12E7FF44-79B9-41AD-926E-9CF038C6C062}.Release|Any CPU.Build.0 = Release|Any CPU
		{12E7FF44-79B9-41AD-926E-9CF038C6C062}.Release|x64.ActiveCfg = Release|Any CPU
		{12E7FF44-79B9-41AD-926E-9CF038C6C062}.Release|x64.Build.0 = Release|Any CPU
		{12E7FF44-79B9-41AD-926E-9CF038C6C062}.Release|x86.ActiveCfg = Release|Any CPU
		{12E7FF44-79B9-41AD-926E-9CF038C6C062}.Release|x86.Build.0 = Release|Any CPU
		{0C0FCDEB-98C0-4DD7-A82F-95B460AB69AD}.Debug|Any CPU.ActiveCfg = Debug|Any CPU
		{0C0FCDEB-98C0-4DD7-A82F-95B460AB69AD}.Debug|Any CPU.Build.0 = Debug|Any CPU
		{0C0FCDEB-98C0-4DD7-A82F-95B460AB69AD}.Debug|x64.ActiveCfg = Debug|Any CPU
		{0C0FCDEB-98C0-4DD7-A82F-95B460AB69AD}.Debug|x64.Build.0 = Debug|Any CPU
		{0C0FCDEB-98C0-4DD7-A82F-95B460AB69AD}.Debug|x86.ActiveCfg = Debug|Any CPU
		{0C0FCDEB-98C0-4DD7-A82F-95B460AB69AD}.Debug|x86.Build.0 = Debug|Any CPU
		{0C0FCDEB-98C0-4DD7-A82F-95B460AB69AD}.Release|Any CPU.ActiveCfg = Release|Any CPU
		{0C0FCDEB-98C0-4DD7-A82F-95B460AB69AD}.Release|Any CPU.Build.0 = Release|Any CPU
		{0C0FCDEB-98C0-4DD7-A82F-95B460AB69AD}.Release|x64.ActiveCfg = Release|Any CPU
		{0C0FCDEB-98C0-4DD7-A82F-95B460AB69AD}.Release|x64.Build.0 = Release|Any CPU
		{0C0FCDEB-98C0-4DD7-A82F-95B460AB69AD}.Release|x86.ActiveCfg = Release|Any CPU
		{0C0FCDEB-98C0-4DD7-A82F-95B460AB69AD}.Release|x86.Build.0 = Release|Any CPU
		{996D4AD5-B7AE-485C-B375-60B010DD781A}.Debug|Any CPU.ActiveCfg = Debug|Any CPU
		{996D4AD5-B7AE-485C-B375-60B010DD781A}.Debug|Any CPU.Build.0 = Debug|Any CPU
		{996D4AD5-B7AE-485C-B375-60B010DD781A}.Debug|x64.ActiveCfg = Debug|Any CPU
		{996D4AD5-B7AE-485C-B375-60B010DD781A}.Debug|x64.Build.0 = Debug|Any CPU
		{996D4AD5-B7AE-485C-B375-60B010DD781A}.Debug|x86.ActiveCfg = Debug|Any CPU
		{996D4AD5-B7AE-485C-B375-60B010DD781A}.Debug|x86.Build.0 = Debug|Any CPU
		{996D4AD5-B7AE-485C-B375-60B010DD781A}.Release|Any CPU.ActiveCfg = Release|Any CPU
		{996D4AD5-B7AE-485C-B375-60B010DD781A}.Release|Any CPU.Build.0 = Release|Any CPU
		{996D4AD5-B7AE-485C-B375-60B010DD781A}.Release|x64.ActiveCfg = Release|Any CPU
		{996D4AD5-B7AE-485C-B375-60B010DD781A}.Release|x64.Build.0 = Release|Any CPU
		{996D4AD5-B7AE-485C-B375-60B010DD781A}.Release|x86.ActiveCfg = Release|Any CPU
		{996D4AD5-B7AE-485C-B375-60B010DD781A}.Release|x86.Build.0 = Release|Any CPU
		{844C1E79-3F0F-4F1F-B958-2F517F260098}.Debug|Any CPU.ActiveCfg = Debug|Any CPU
		{844C1E79-3F0F-4F1F-B958-2F517F260098}.Debug|Any CPU.Build.0 = Debug|Any CPU
		{844C1E79-3F0F-4F1F-B958-2F517F260098}.Debug|x64.ActiveCfg = Debug|Any CPU
		{844C1E79-3F0F-4F1F-B958-2F517F260098}.Debug|x64.Build.0 = Debug|Any CPU
		{844C1E79-3F0F-4F1F-B958-2F517F260098}.Debug|x86.ActiveCfg = Debug|Any CPU
		{844C1E79-3F0F-4F1F-B958-2F517F260098}.Debug|x86.Build.0 = Debug|Any CPU
		{844C1E79-3F0F-4F1F-B958-2F517F260098}.Release|Any CPU.ActiveCfg = Release|Any CPU
		{844C1E79-3F0F-4F1F-B958-2F517F260098}.Release|Any CPU.Build.0 = Release|Any CPU
		{844C1E79-3F0F-4F1F-B958-2F517F260098}.Release|x64.ActiveCfg = Release|Any CPU
		{844C1E79-3F0F-4F1F-B958-2F517F260098}.Release|x64.Build.0 = Release|Any CPU
		{844C1E79-3F0F-4F1F-B958-2F517F260098}.Release|x86.ActiveCfg = Release|Any CPU
		{844C1E79-3F0F-4F1F-B958-2F517F260098}.Release|x86.Build.0 = Release|Any CPU
		{2B637989-E76C-42CF-A707-A717942995DE}.Debug|Any CPU.ActiveCfg = Debug|Any CPU
		{2B637989-E76C-42CF-A707-A717942995DE}.Debug|Any CPU.Build.0 = Debug|Any CPU
		{2B637989-E76C-42CF-A707-A717942995DE}.Debug|x64.ActiveCfg = Debug|Any CPU
		{2B637989-E76C-42CF-A707-A717942995DE}.Debug|x64.Build.0 = Debug|Any CPU
		{2B637989-E76C-42CF-A707-A717942995DE}.Debug|x86.ActiveCfg = Debug|Any CPU
		{2B637989-E76C-42CF-A707-A717942995DE}.Debug|x86.Build.0 = Debug|Any CPU
		{2B637989-E76C-42CF-A707-A717942995DE}.Release|Any CPU.ActiveCfg = Release|Any CPU
		{2B637989-E76C-42CF-A707-A717942995DE}.Release|Any CPU.Build.0 = Release|Any CPU
		{2B637989-E76C-42CF-A707-A717942995DE}.Release|x64.ActiveCfg = Release|Any CPU
		{2B637989-E76C-42CF-A707-A717942995DE}.Release|x64.Build.0 = Release|Any CPU
		{2B637989-E76C-42CF-A707-A717942995DE}.Release|x86.ActiveCfg = Release|Any CPU
		{2B637989-E76C-42CF-A707-A717942995DE}.Release|x86.Build.0 = Release|Any CPU
	EndGlobalSection
	GlobalSection(SolutionProperties) = preSolution
		HideSolutionNode = FALSE
	EndGlobalSection
	GlobalSection(NestedProjects) = preSolution
		{2B637989-E76C-42CF-A707-A717942995DE} = {1ADB4D81-B484-4DBB-9638-D49D599FE364}
	EndGlobalSection
	GlobalSection(ExtensibilityGlobals) = postSolution
		SolutionGuid = {FD0046DF-B8AF-4A52-858A-7A4B3EA83EA1}
	EndGlobalSection
EndGlobal
